<?xml version="1.0" encoding="utf-8"?>
<Project ToolsVersion="17.0" xmlns="http://schemas.microsoft.com/developer/msbuild/2003">
  <ItemGroup>
    <CustomBuild Include="C:\Users\Tom\Documents\GitHub\cpp-gltf\CMakeFiles\58c8b406bd23ddcb0a2d7b1caf06ed54\generate.stamp.rule">
      <Filter>CMake Rules</Filter>
    </CustomBuild>
  </ItemGroup>
  <ItemGroup>
    <Filter Include="CMake Rules">
      <UniqueIdentifier>{978103CB-B317-3302-AE5E-9630CAC7D9CB}</UniqueIdentifier>
    </Filter>
  </ItemGroup>
</Project>
